{
  "name": "webapp",
  "version": "1.0.28",
  "lockfileVersion": 2,
  "requires": true,
  "packages": {
    "": {
      "version": "1.0.28",
      "license": "ISC",
      "devDependencies": {
        "@types/node": "^18.11.9"
      }
    },
    "node_modules/@types/node": {
      "version": "18.11.9",
      "resolved": "https://diegotrs-constructs-760178732320.d.codeartifact.us-east-2.amazonaws.com:443/npm/cdk-constructs/@types/node/-/node-18.11.9.tgz",
      "integrity": "sha512-CRpX21/kGdzjOpFsZSkcrXMGIBWMGNIHXXBVFSH+ggkftxg+XYP20TESbh+zFvFj3EQOl5byk0HTRn1IL6hbqg==",
      "dev": true
    }
  },
  "dependencies": {
    "@types/node": {
      "version": "18.11.9",
      "resolved": "https://diegotrs-constructs-760178732320.d.codeartifact.us-east-2.amazonaws.com:443/npm/cdk-constructs/@types/node/-/node-18.11.9.tgz",
      "integrity": "sha512-CRpX21/kGdzjOpFsZSkcrXMGIBWMGNIHXXBVFSH+ggkftxg+XYP20TESbh+zFvFj3EQOl5byk0HTRn1IL6hbqg==",
      "dev": true
    }
  }
}
